
Microsoft Visual Studio Solution File, Format Version 12.00
# Visual Studio Version 17
VisualStudioVersion = 17.1.32407.343
MinimumVisualStudioVersion = 10.0.40219.1
Project("{9A19103F-16F7-4668-BE54-9A1E7A4F7556}") = "Questao1", "Questao1.csproj", "{B59DB653-F0D7-4CD8-908A-8D696B7528ED}"
EndProject
Global
	GlobalSection(SolutionConfigurationPlatforms) = preSolution
		Debug|Any CPU = Debug|Any CPU
		Release|Any CPU = Release|Any CPU
	EndGlobalSection
	GlobalSection(ProjectConfigurationPlatforms) = postSolution
		{B59DB653-F0D7-4CD8-908A-8D696B7528ED}.Debug|Any CPU.ActiveCfg = Debug|Any CPU
		{B59DB653-F0D7-4CD8-908A-8D696B7528ED}.Debug|Any CPU.Build.0 = Debug|Any CPU
		{B59DB653-F0D7-4CD8-908A-8D696B7528ED}.Release|Any CPU.ActiveCfg = Release|Any CPU
		{B59DB653-F0D7-4CD8-908A-8D696B7528ED}.Release|Any CPU.Build.0 = Release|Any CPU
	EndGlobalSection
	GlobalSection(SolutionProperties) = preSolution
		HideSolutionNode = FALSE
	EndGlobalSection
	GlobalSection(ExtensibilityGlobals) = postSolution
		SolutionGuid = {4C4C8B02-C12E-446A-8D57-D557B15FC3FF}
	EndGlobalSection
EndGlobal
